
Microsoft Visual Studio Solution File, Format Version 12.00
# Visual Studio Version 17
VisualStudioVersion = 17.11.35312.102
MinimumVisualStudioVersion = 10.0.40219.1
Project("{9A19103F-16F7-4668-BE54-9A1E7A4F7556}") = "FluentValidationWebApi", "FluentValidationWebApi\FluentValidationWebApi.csproj", "{20C54072-ABF3-4823-B674-32021CFC4363}"
EndProject
Global
	GlobalSection(SolutionConfigurationPlatforms) = preSolution
		Debug|Any CPU = Debug|Any CPU
		Release|Any CPU = Release|Any CPU
	EndGlobalSection
	GlobalSection(ProjectConfigurationPlatforms) = postSolution
		{20C54072-ABF3-4823-B674-32021CFC4363}.Debug|Any CPU.ActiveCfg = Debug|Any CPU
		{20C54072-ABF3-4823-B674-32021CFC4363}.Debug|Any CPU.Build.0 = Debug|Any CPU
		{20C54072-ABF3-4823-B674-32021CFC4363}.Release|Any CPU.ActiveCfg = Release|Any CPU
		{20C54072-ABF3-4823-B674-32021CFC4363}.Release|Any CPU.Build.0 = Release|Any CPU
	EndGlobalSection
	GlobalSection(SolutionProperties) = preSolution
		HideSolutionNode = FALSE
	EndGlobalSection
	GlobalSection(ExtensibilityGlobals) = postSolution
		SolutionGuid = {C50AC235-EDCD-487B-9B4D-EDB51C863C75}
	EndGlobalSection
EndGlobal
